<?xml version="1.0" encoding="utf-8"?>
<Project ToolsVersion="4.0" xmlns="http://schemas.microsoft.com/developer/msbuild/2003">
  <ItemGroup>
    <Filter Include="fmt">
      <UniqueIdentifier>{734b246e-521a-491d-ae14-bb968d7676b6}</UniqueIdentifier>
    </Filter>
  </ItemGroup>
  <ItemGroup>
    <ClInclude Include="fmt\container.h">
      <Filter>fmt</Filter>
    </ClInclude>
    <ClInclude Include="fmt\format.h">
      <Filter>fmt</Filter>
    </ClInclude>
    <ClInclude Include="fmt\ostream.h">
      <Filter>fmt</Filter>
    </ClInclude>
    <ClInclude Include="fmt\posix.h">
      <Filter>fmt</Filter>
    </ClInclude>
    <ClInclude Include="fmt\printf.h">
      <Filter>fmt</Filter>
    </ClInclude>
    <ClInclude Include="fmt\string.h">
      <Filter>fmt</Filter>
    </ClInclude>
    <ClInclude Include="fmt\time.h">
      <Filter>fmt</Filter>
    </ClInclude>
    <ClInclude Include="stdafx.h" />
    <ClInclude Include="targetver.h" />
  </ItemGroup>
  <ItemGroup>
    <ClCompile Include="fmt\format.cc">
      <Filter>fmt</Filter>
    </ClCompile>
    <ClCompile Include="fmt\ostream.cc">
      <Filter>fmt</Filter>
    </ClCompile>
    <ClCompile Include="fmt\posix.cc">
      <Filter>fmt</Filter>
    </ClCompile>
    <ClCompile Include="fmt\printf.cc">
      <Filter>fmt</Filter>
    </ClCompile>
    <ClCompile Include="glfw-client.cpp" />
    <ClCompile Include="stdafx.cpp" />
  </ItemGroup>
</Project>